{
  "name": "week_two",
  "lockfileVersion": 3,
  "requires": true,
  "packages": {
    "": {
      "dependencies": {
        "@jworkman-fs/asl": "^1.2.43"
      }
    },
    "node_modules/@jworkman-fs/asl": {
      "version": "1.2.43",
      "resolved": "https://registry.npmjs.org/@jworkman-fs/asl/-/asl-1.2.43.tgz",
      "integrity": "sha512-xEOAkRcLp4PmMEyORKUDq8BXQUbCWHlsZRVWmaEDB9t9Jikywvp9qtHzpxjhUqFurLk5LyOm2WyCgcj7Rb9acw==",
      "dependencies": {
        "chalk": "^5.3.0"
      },
      "bin": {
        "test-contacts-resource": "bin/test-contacts-resource"
      }
    },
    "node_modules/chalk": {
      "version": "5.3.0",
      "resolved": "https://registry.npmjs.org/chalk/-/chalk-5.3.0.tgz",
      "integrity": "sha512-dLitG79d+GV1Nb/VYcCDFivJeK1hiukt9QjRNVOsUtTy1rR1YJsmpGGTZ3qJos+uw7WmWF4wUwBd9jxjocFC2w==",
      "engines": {
        "node": "^12.17.0 || ^14.13 || >=16.0.0"
      },
      "funding": {
        "url": "https://github.com/chalk/chalk?sponsor=1"
      }
    }
  }
}
